
Microsoft Visual Studio Solution File, Format Version 12.00
# Visual Studio Version 17
VisualStudioVersion = 17.1.32210.238
MinimumVisualStudioVersion = 10.0.40219.1
Project("{9A19103F-16F7-4668-BE54-9A1E7A4F7556}") = "Minibank.Core", "Minibank.Core\Minibank.Core.csproj", "{14881E45-C7BA-413C-A832-64EFD229AA5D}"
EndProject
Project("{9A19103F-16F7-4668-BE54-9A1E7A4F7556}") = "Minibank.Data", "Minibank.Data\Minibank.Data.csproj", "{8224B07A-F5A5-4FE2-A1C3-DE799958AA4B}"
EndProject
Project("{9A19103F-16F7-4668-BE54-9A1E7A4F7556}") = "Minibank.Web", "Minibank.Web\Minibank.Web.csproj", "{D745A437-A24F-4934-9C92-C26CE095536C}"
EndProject
Project("{2150E333-8FDC-42A3-9474-1A3956D46DE8}") = "Tests", "Tests", "{0DE23329-BB19-4D02-B8AC-5500322F48FA}"
EndProject
Project("{FAE04EC0-301F-11D3-BF4B-00C04F79EFBC}") = "Minibank.Core.Tests", "Tests\Minibank.Core.Tests\Minibank.Core.Tests.csproj", "{76C3CB85-45EE-4A4A-BEDF-860C996E6951}"
EndProject
Global
	GlobalSection(SolutionConfigurationPlatforms) = preSolution
		Debug|Any CPU = Debug|Any CPU
		Release|Any CPU = Release|Any CPU
	EndGlobalSection
	GlobalSection(ProjectConfigurationPlatforms) = postSolution
		{14881E45-C7BA-413C-A832-64EFD229AA5D}.Debug|Any CPU.ActiveCfg = Debug|Any CPU
		{14881E45-C7BA-413C-A832-64EFD229AA5D}.Debug|Any CPU.Build.0 = Debug|Any CPU
		{14881E45-C7BA-413C-A832-64EFD229AA5D}.Release|Any CPU.ActiveCfg = Release|Any CPU
		{14881E45-C7BA-413C-A832-64EFD229AA5D}.Release|Any CPU.Build.0 = Release|Any CPU
		{8224B07A-F5A5-4FE2-A1C3-DE799958AA4B}.Debug|Any CPU.ActiveCfg = Debug|Any CPU
		{8224B07A-F5A5-4FE2-A1C3-DE799958AA4B}.Debug|Any CPU.Build.0 = Debug|Any CPU
		{8224B07A-F5A5-4FE2-A1C3-DE799958AA4B}.Release|Any CPU.ActiveCfg = Release|Any CPU
		{8224B07A-F5A5-4FE2-A1C3-DE799958AA4B}.Release|Any CPU.Build.0 = Release|Any CPU
		{D745A437-A24F-4934-9C92-C26CE095536C}.Debug|Any CPU.ActiveCfg = Debug|Any CPU
		{D745A437-A24F-4934-9C92-C26CE095536C}.Debug|Any CPU.Build.0 = Debug|Any CPU
		{D745A437-A24F-4934-9C92-C26CE095536C}.Release|Any CPU.ActiveCfg = Release|Any CPU
		{D745A437-A24F-4934-9C92-C26CE095536C}.Release|Any CPU.Build.0 = Release|Any CPU
		{76C3CB85-45EE-4A4A-BEDF-860C996E6951}.Debug|Any CPU.ActiveCfg = Debug|Any CPU
		{76C3CB85-45EE-4A4A-BEDF-860C996E6951}.Debug|Any CPU.Build.0 = Debug|Any CPU
		{76C3CB85-45EE-4A4A-BEDF-860C996E6951}.Release|Any CPU.ActiveCfg = Release|Any CPU
		{76C3CB85-45EE-4A4A-BEDF-860C996E6951}.Release|Any CPU.Build.0 = Release|Any CPU
	EndGlobalSection
	GlobalSection(SolutionProperties) = preSolution
		HideSolutionNode = FALSE
	EndGlobalSection
	GlobalSection(NestedProjects) = preSolution
		{76C3CB85-45EE-4A4A-BEDF-860C996E6951} = {0DE23329-BB19-4D02-B8AC-5500322F48FA}
	EndGlobalSection
	GlobalSection(ExtensibilityGlobals) = postSolution
		SolutionGuid = {3901F5F3-0C93-4CAE-964B-58D24AC3D7FC}
	EndGlobalSection
EndGlobal
